
Microsoft Visual Studio Solution File, Format Version 12.00
# Visual Studio 14
VisualStudioVersion = 14.0.24720.0
MinimumVisualStudioVersion = 10.0.40219.1
Project("{FAE04EC0-301F-11D3-BF4B-00C04F79EFBC}") = "ADV7181D_Configuration_App", "ADV7181D_Configuration_App\ADV7181D_Configuration_App.csproj", "{63B31EAC-6D9F-4447-9B60-E29BC13A8B85}"
EndProject
Global
	GlobalSection(SolutionConfigurationPlatforms) = preSolution
		Debug|Any CPU = Debug|Any CPU
		Release|Any CPU = Release|Any CPU
	EndGlobalSection
	GlobalSection(ProjectConfigurationPlatforms) = postSolution
		{63B31EAC-6D9F-4447-9B60-E29BC13A8B85}.Debug|Any CPU.ActiveCfg = Debug|Any CPU
		{63B31EAC-6D9F-4447-9B60-E29BC13A8B85}.Debug|Any CPU.Build.0 = Debug|Any CPU
		{63B31EAC-6D9F-4447-9B60-E29BC13A8B85}.Release|Any CPU.ActiveCfg = Release|Any CPU
		{63B31EAC-6D9F-4447-9B60-E29BC13A8B85}.Release|Any CPU.Build.0 = Release|Any CPU
	EndGlobalSection
	GlobalSection(SolutionProperties) = preSolution
		HideSolutionNode = FALSE
	EndGlobalSection
EndGlobal
